
Microsoft Visual Studio Solution File, Format Version 12.00
# Visual Studio Version 17
VisualStudioVersion = 17.1.32421.90
MinimumVisualStudioVersion = 10.0.40219.1
Project("{2150E333-8FDC-42A3-9474-1A3956D46DE8}") = "src", "src", "{747B79D3-C7DB-4084-B899-268A189F20D0}"
EndProject
Project("{9A19103F-16F7-4668-BE54-9A1E7A4F7556}") = "Accounting.Domain", "Accounting.Domain\Accounting.Domain.csproj", "{D134B14C-A743-4D34-B1A1-84487762DD22}"
EndProject
Project("{2150E333-8FDC-42A3-9474-1A3956D46DE8}") = "test", "test", "{02AA2D28-09CE-48D7-890F-74DBE0DB5CDC}"
EndProject
Project("{9A19103F-16F7-4668-BE54-9A1E7A4F7556}") = "Accounting.Domain.Tests", "Accounting.Domain.Tests\Accounting.Domain.Tests.csproj", "{49059962-F627-45F9-920C-BF3B9EDF993D}"
EndProject
Project("{FAE04EC0-301F-11D3-BF4B-00C04F79EFBC}") = "Accounting.Application", "Accounting.Application\Accounting.Application.csproj", "{DE766EE5-20FE-49B6-B9B3-34B3788F3517}"
EndProject
Global
	GlobalSection(SolutionConfigurationPlatforms) = preSolution
		Debug|Any CPU = Debug|Any CPU
		Release|Any CPU = Release|Any CPU
	EndGlobalSection
	GlobalSection(ProjectConfigurationPlatforms) = postSolution
		{D134B14C-A743-4D34-B1A1-84487762DD22}.Debug|Any CPU.ActiveCfg = Debug|Any CPU
		{D134B14C-A743-4D34-B1A1-84487762DD22}.Debug|Any CPU.Build.0 = Debug|Any CPU
		{D134B14C-A743-4D34-B1A1-84487762DD22}.Release|Any CPU.ActiveCfg = Release|Any CPU
		{D134B14C-A743-4D34-B1A1-84487762DD22}.Release|Any CPU.Build.0 = Release|Any CPU
		{49059962-F627-45F9-920C-BF3B9EDF993D}.Debug|Any CPU.ActiveCfg = Debug|Any CPU
		{49059962-F627-45F9-920C-BF3B9EDF993D}.Debug|Any CPU.Build.0 = Debug|Any CPU
		{49059962-F627-45F9-920C-BF3B9EDF993D}.Release|Any CPU.ActiveCfg = Release|Any CPU
		{49059962-F627-45F9-920C-BF3B9EDF993D}.Release|Any CPU.Build.0 = Release|Any CPU
		{DE766EE5-20FE-49B6-B9B3-34B3788F3517}.Debug|Any CPU.ActiveCfg = Debug|Any CPU
		{DE766EE5-20FE-49B6-B9B3-34B3788F3517}.Debug|Any CPU.Build.0 = Debug|Any CPU
		{DE766EE5-20FE-49B6-B9B3-34B3788F3517}.Release|Any CPU.ActiveCfg = Release|Any CPU
		{DE766EE5-20FE-49B6-B9B3-34B3788F3517}.Release|Any CPU.Build.0 = Release|Any CPU
	EndGlobalSection
	GlobalSection(SolutionProperties) = preSolution
		HideSolutionNode = FALSE
	EndGlobalSection
	GlobalSection(NestedProjects) = preSolution
		{D134B14C-A743-4D34-B1A1-84487762DD22} = {747B79D3-C7DB-4084-B899-268A189F20D0}
		{49059962-F627-45F9-920C-BF3B9EDF993D} = {02AA2D28-09CE-48D7-890F-74DBE0DB5CDC}
		{DE766EE5-20FE-49B6-B9B3-34B3788F3517} = {747B79D3-C7DB-4084-B899-268A189F20D0}
	EndGlobalSection
	GlobalSection(ExtensibilityGlobals) = postSolution
		SolutionGuid = {613537D9-4A9F-4E80-9027-A28A0B738900}
	EndGlobalSection
EndGlobal
